schema: '2.0'
stages:
  data_ingestion:
    cmd: python src/data_ingestion.py
    deps:
    - path: src/data_ingestion.py
      hash: md5
      md5: 4ad69b3095b78597f8ee8a1c88b09219
      size: 5200
    params:
      params.yaml:
        data_ingestion.test_size: 0.3
    outs:
    - path: data/raw
      hash: md5
      md5: 6c14fc5d4581715d0c084959eeff4b01.dir
      size: 479272
      nfiles: 2
  data_preprocessing:
    cmd: python src/data_preprocessing.py
    deps:
    - path: data/raw
      hash: md5
      md5: 6c14fc5d4581715d0c084959eeff4b01.dir
      size: 479272
      nfiles: 2
    - path: src/data_preprocessing.py
      hash: md5
      md5: 1afbc7f6621f34ecbbdaa471e999b223
      size: 3954
    outs:
    - path: data/interim
      hash: md5
      md5: 91d80631b72bc88148c9f0c49789af70.dir
      size: 257220
      nfiles: 2
  feature_engineering:
    cmd: python src/feature_engineering.py
    deps:
    - path: data/interim
      hash: md5
      md5: 91d80631b72bc88148c9f0c49789af70.dir
      size: 257220
      nfiles: 2
    - path: src/feature_engineering.py
      hash: md5
      md5: f36a8c033b2492c853fcf24616b38aa7
      size: 3826
    params:
      params.yaml:
        feature_engineering.max_features: 45
    outs:
    - path: data/processed
      hash: md5
      md5: 79261e48e3b3b2834fb9f98197edffea.dir
      size: 1068003
      nfiles: 2
  model_building:
    cmd: python src/model_building.py
    deps:
    - path: data/processed
      hash: md5
      md5: 79261e48e3b3b2834fb9f98197edffea.dir
      size: 1068003
      nfiles: 2
    - path: src/model_building.py
      hash: md5
      md5: 17ca7834783a6b2822184e114c2d9980
      size: 4287
    params:
      params.yaml:
        model_building.n_estimators: 25
        model_building.random_state: 2
    outs:
    - path: models/model.pkl
      hash: md5
      md5: 815d726ef6be6b53dba2c7e93ffcb542
      size: 855467
  model_evaluation:
    cmd: python src/model_evaluation.py
    deps:
    - path: models/model.pkl
      hash: md5
      md5: 815d726ef6be6b53dba2c7e93ffcb542
      size: 855467
    - path: src/model_evaluation.py
      hash: md5
      md5: d9bbc1d5f0e9fd74aaa787dbc23a9e85
      size: 4667
    outs:
    - path: reports/metrics.json
      hash: md5
      md5: be6b1bc89419245883192fd8c1d03c1b
      size: 140
